
Microsoft Visual Studio Solution File, Format Version 12.00
# Visual Studio Version 17
VisualStudioVersion = 17.4.33110.190
MinimumVisualStudioVersion = 10.0.40219.1
Project("{FAE04EC0-301F-11D3-BF4B-00C04F79EFBC}") = "Conta Bancaria  CSharp", "Conta Bancaria  CSharp\Conta Bancaria  CSharp.csproj", "{9804C6F4-FFA4-4D13-8334-EFB90AD97449}"
EndProject
Global
	GlobalSection(SolutionConfigurationPlatforms) = preSolution
		Debug|Any CPU = Debug|Any CPU
		Release|Any CPU = Release|Any CPU
	EndGlobalSection
	GlobalSection(ProjectConfigurationPlatforms) = postSolution
		{9804C6F4-FFA4-4D13-8334-EFB90AD97449}.Debug|Any CPU.ActiveCfg = Debug|Any CPU
		{9804C6F4-FFA4-4D13-8334-EFB90AD97449}.Debug|Any CPU.Build.0 = Debug|Any CPU
		{9804C6F4-FFA4-4D13-8334-EFB90AD97449}.Release|Any CPU.ActiveCfg = Release|Any CPU
		{9804C6F4-FFA4-4D13-8334-EFB90AD97449}.Release|Any CPU.Build.0 = Release|Any CPU
	EndGlobalSection
	GlobalSection(SolutionProperties) = preSolution
		HideSolutionNode = FALSE
	EndGlobalSection
	GlobalSection(ExtensibilityGlobals) = postSolution
		SolutionGuid = {9C8AED46-DEB4-4707-831A-98B58F35EFF6}
	EndGlobalSection
EndGlobal
